// !$*UTF8*$!
{
	archiveVersion = 1;
	classes = {
	};
	objectVersion = 50;
	objects = {

/* Begin PBXBuildFile section */
		EC35A7CE2682F48B0011F8F9 /* AppDelegate.swift in Sources */ = {isa = PBXBuildFile; fileRef = EC35A7CD2682F48B0011F8F9 /* AppDelegate.swift */; };
		EC35A7D02682F48B0011F8F9 /* SceneDelegate.swift in Sources */ = {isa = PBXBuildFile; fileRef = EC35A7CF2682F48B0011F8F9 /* SceneDelegate.swift */; };
		EC35A7D22682F48B0011F8F9 /* ViewController.swift in Sources */ = {isa = PBXBuildFile; fileRef = EC35A7D12682F48B0011F8F9 /* ViewController.swift */; };
		EC35A7D52682F48B0011F8F9 /* Main.storyboard in Resources */ = {isa = PBXBuildFile; fileRef = EC35A7D32682F48B0011F8F9 /* Main.storyboard */; };
		EC35A7D72682F48C0011F8F9 /* Assets.xcassets in Resources */ = {isa = PBXBuildFile; fileRef = EC35A7D62682F48C0011F8F9 /* Assets.xcassets */; };
		EC35A7DA2682F48C0011F8F9 /* LaunchScreen.storyboard in Resources */ = {isa = PBXBuildFile; fileRef = EC35A7D82682F48C0011F8F9 /* LaunchScreen.storyboard */; };
		EC35A7E32682FDC80011F8F9 /* RootNavigationController.swift in Sources */ = {isa = PBXBuildFile; fileRef = EC35A7E22682FDC80011F8F9 /* RootNavigationController.swift */; };
		EC35A7E52682FE030011F8F9 /* RootViewController.swift in Sources */ = {isa = PBXBuildFile; fileRef = EC35A7E42682FE030011F8F9 /* RootViewController.swift */; };
		EC35A7E72682FE380011F8F9 /* MainViewController.swift in Sources */ = {isa = PBXBuildFile; fileRef = EC35A7E62682FE380011F8F9 /* MainViewController.swift */; };
/* End PBXBuildFile section */

/* Begin PBXFileReference section */
		EC35A7CA2682F48B0011F8F9 /* HeroApp.app */ = {isa = PBXFileReference; explicitFileType = wrapper.application; includeInIndex = 0; path = HeroApp.app; sourceTree = BUILT_PRODUCTS_DIR; };
		EC35A7CD2682F48B0011F8F9 /* AppDelegate.swift */ = {isa = PBXFileReference; lastKnownFileType = sourcecode.swift; path = AppDelegate.swift; sourceTree = "<group>"; };
		EC35A7CF2682F48B0011F8F9 /* SceneDelegate.swift */ = {isa = PBXFileReference; lastKnownFileType = sourcecode.swift; path = SceneDelegate.swift; sourceTree = "<group>"; };
		EC35A7D12682F48B0011F8F9 /* ViewController.swift */ = {isa = PBXFileReference; lastKnownFileType = sourcecode.swift; path = ViewController.swift; sourceTree = "<group>"; };
		EC35A7D42682F48B0011F8F9 /* Base */ = {isa = PBXFileReference; lastKnownFileType = file.storyboard; name = Base; path = Base.lproj/Main.storyboard; sourceTree = "<group>"; };
		EC35A7D62682F48C0011F8F9 /* Assets.xcassets */ = {isa = PBXFileReference; lastKnownFileType = folder.assetcatalog; path = Assets.xcassets; sourceTree = "<group>"; };
		EC35A7D92682F48C0011F8F9 /* Base */ = {isa = PBXFileReference; lastKnownFileType = file.storyboard; name = Base; path = Base.lproj/LaunchScreen.storyboard; sourceTree = "<group>"; };
		EC35A7DB2682F48C0011F8F9 /* Info.plist */ = {isa = PBXFileReference; lastKnownFileType = text.plist.xml; path = Info.plist; sourceTree = "<group>"; };
		EC35A7E22682FDC80011F8F9 /* RootNavigationController.swift */ = {isa = PBXFileReference; lastKnownFileType = sourcecode.swift; path = RootNavigationController.swift; sourceTree = "<group>"; };
		EC35A7E42682FE030011F8F9 /* RootViewController.swift */ = {isa = PBXFileReference; lastKnownFileType = sourcecode.swift; path = RootViewController.swift; sourceTree = "<group>"; };
		EC35A7E62682FE380011F8F9 /* MainViewController.swift */ = {isa = PBXFileReference; lastKnownFileType = sourcecode.swift; path = MainViewController.swift; sourceTree = "<group>"; };
/* End PBXFileReference section */

/* Begin PBXFrameworksBuildPhase section */
		EC35A7C72682F48B0011F8F9 /* Frameworks */ = {
			isa = PBXFrameworksBuildPhase;
			buildActionMask = 2147483647;
			files = (
			);
			runOnlyForDeploymentPostprocessing = 0;
		};
/* End PBXFrameworksBuildPhase section */

/* Begin PBXGroup section */
		EC35A7C12682F48B0011F8F9 = {
			isa = PBXGroup;
			children = (
				EC35A7CC2682F48B0011F8F9 /* HeroApp */,
				EC35A7CB2682F48B0011F8F9 /* Products */,
			);
			sourceTree = "<group>";
		};
		EC35A7CB2682F48B0011F8F9 /* Products */ = {
			isa = PBXGroup;
			children = (
				EC35A7CA2682F48B0011F8F9 /* HeroApp.app */,
			);
			name = Products;
			sourceTree = "<group>";
		};
		EC35A7CC2682F48B0011F8F9 /* HeroApp */ = {
			isa = PBXGroup;
			children = (
				EC35A7E12682FD9E0011F8F9 /* views */,
				EC35A7CD2682F48B0011F8F9 /* AppDelegate.swift */,
				EC35A7CF2682F48B0011F8F9 /* SceneDelegate.swift */,
				EC35A7D12682F48B0011F8F9 /* ViewController.swift */,
				EC35A7D32682F48B0011F8F9 /* Main.storyboard */,
				EC35A7D62682F48C0011F8F9 /* Assets.xcassets */,
				EC35A7D82682F48C0011F8F9 /* LaunchScreen.storyboard */,
				EC35A7DB2682F48C0011F8F9 /* Info.plist */,
			);
			path = HeroApp;
			sourceTree = "<group>";
		};
		EC35A7E12682FD9E0011F8F9 /* views */ = {
			isa = PBXGroup;
			children = (
				EC35A7E22682FDC80011F8F9 /* RootNavigationController.swift */,
				EC35A7E42682FE030011F8F9 /* RootViewController.swift */,
				EC35A7E62682FE380011F8F9 /* MainViewController.swift */,
			);
			path = views;
			sourceTree = "<group>";
		};
/* End PBXGroup section */

/* Begin PBXNativeTarget section */
		EC35A7C92682F48B0011F8F9 /* HeroApp */ = {
			isa = PBXNativeTarget;
			buildConfigurationList = EC35A7DE2682F48C0011F8F9 /* Build configuration list for PBXNativeTarget "HeroApp" */;
			buildPhases = (
				EC35A7C62682F48B0011F8F9 /* Sources */,
				EC35A7C72682F48B0011F8F9 /* Frameworks */,
				EC35A7C82682F48B0011F8F9 /* Resources */,
			);
			buildRules = (
			);
			dependencies = (
			);
			name = HeroApp;
			productName = HeroApp;
			productReference = EC35A7CA2682F48B0011F8F9 /* HeroApp.app */;
			productType = "com.apple.product-type.application";
		};
/* End PBXNativeTarget section */

/* Begin PBXProject section */
		EC35A7C22682F48B0011F8F9 /* Project object */ = {
			isa = PBXProject;
			attributes = {
				LastSwiftUpdateCheck = 1250;
				LastUpgradeCheck = 1250;
				TargetAttributes = {
					EC35A7C92682F48B0011F8F9 = {
						CreatedOnToolsVersion = 12.5;
					};
				};
			};
			buildConfigurationList = EC35A7C52682F48B0011F8F9 /* Build configuration list for PBXProject "HeroApp" */;
			compatibilityVersion = "Xcode 9.3";
			developmentRegion = en;
			hasScannedForEncodings = 0;
			knownRegions = (
				en,
				Base,
			);
			mainGroup = EC35A7C12682F48B0011F8F9;
			productRefGroup = EC35A7CB2682F48B0011F8F9 /* Products */;
			projectDirPath = "";
			projectRoot = "";
			targets = (
				EC35A7C92682F48B0011F8F9 /* HeroApp */,
			);
		};
/* End PBXProject section */

/* Begin PBXResourcesBuildPhase section */
		EC35A7C82682F48B0011F8F9 /* Resources */ = {
			isa = PBXResourcesBuildPhase;
			buildActionMask = 2147483647;
			files = (
				EC35A7DA2682F48C0011F8F9 /* LaunchScreen.storyboard in Resources */,
				EC35A7D72682F48C0011F8F9 /* Assets.xcassets in Resources */,
				EC35A7D52682F48B0011F8F9 /* Main.storyboard in Resources */,
			);
			runOnlyForDeploymentPostprocessing = 0;
		};
/* End PBXResourcesBuildPhase section */

/* Begin PBXSourcesBuildPhase section */
		EC35A7C62682F48B0011F8F9 /* Sources */ = {
			isa = PBXSourcesBuildPhase;
			buildActionMask = 2147483647;
			files = (
				EC35A7E52682FE030011F8F9 /* RootViewController.swift in Sources */,
				EC35A7D22682F48B0011F8F9 /* ViewController.swift in Sources */,
				EC35A7E32682FDC80011F8F9 /* RootNavigationController.swift in Sources */,
				EC35A7E72682FE380011F8F9 /* MainViewController.swift in Sources */,
				EC35A7CE2682F48B0011F8F9 /* AppDelegate.swift in Sources */,
				EC35A7D02682F48B0011F8F9 /* SceneDelegate.swift in Sources */,
			);
			runOnlyForDeploymentPostprocessing = 0;
		};
/* End PBXSourcesBuildPhase section */

/* Begin PBXVariantGroup section */
		EC35A7D32682F48B0011F8F9 /* Main.storyboard */ = {
			isa = PBXVariantGroup;
			children = (
				EC35A7D42682F48B0011F8F9 /* Base */,
			);
			name = Main.storyboard;
			sourceTree = "<group>";
		};
		EC35A7D82682F48C0011F8F9 /* LaunchScreen.storyboard */ = {
			isa = PBXVariantGroup;
			children = (
				EC35A7D92682F48C0011F8F9 /* Base */,
			);
			name = LaunchScreen.storyboard;
			sourceTree = "<group>";
		};
/* End PBXVariantGroup section */

/* Begin XCBuildConfiguration section */
		EC35A7DC2682F48C0011F8F9 /* Debug */ = {
			isa = XCBuildConfiguration;
			buildSettings = {
				ALWAYS_SEARCH_USER_PATHS = NO;
				CLANG_ANALYZER_NONNULL = YES;
				CLANG_ANALYZER_NUMBER_OBJECT_CONVERSION = YES_AGGRESSIVE;
				CLANG_CXX_LANGUAGE_STANDARD = "gnu++14";
				CLANG_CXX_LIBRARY = "libc++";
				CLANG_ENABLE_MODULES = YES;
				CLANG_ENABLE_OBJC_ARC = YES;
				CLANG_ENABLE_OBJC_WEAK = YES;
				CLANG_WARN_BLOCK_CAPTURE_AUTORELEASING = YES;
				CLANG_WARN_BOOL_CONVERSION = YES;
				CLANG_WARN_COMMA = YES;
				CLANG_WARN_CONSTANT_CONVERSION = YES;
				CLANG_WARN_DEPRECATED_OBJC_IMPLEMENTATIONS = YES;
				CLANG_WARN_DIRECT_OBJC_ISA_USAGE = YES_ERROR;
				CLANG_WARN_DOCUMENTATION_COMMENTS = YES;
				CLANG_WARN_EMPTY_BODY = YES;
				CLANG_WARN_ENUM_CONVERSION = YES;
				CLANG_WARN_INFINITE_RECURSION = YES;
				CLANG_WARN_INT_CONVERSION = YES;
				CLANG_WARN_NON_LITERAL_NULL_CONVERSION = YES;
				CLANG_WARN_OBJC_IMPLICIT_RETAIN_SELF = YES;
				CLANG_WARN_OBJC_LITERAL_CONVERSION = YES;
				CLANG_WARN_OBJC_ROOT_CLASS = YES_ERROR;
				CLANG_WARN_QUOTED_INCLUDE_IN_FRAMEWORK_HEADER = YES;
				CLANG_WARN_RANGE_LOOP_ANALYSIS = YES;
				CLANG_WARN_STRICT_PROTOTYPES = YES;
				CLANG_WARN_SUSPICIOUS_MOVE = YES;
				CLANG_WARN_UNGUARDED_AVAILABILITY = YES_AGGRESSIVE;
				CLANG_WARN_UNREACHABLE_CODE = YES;
				CLANG_WARN__DUPLICATE_METHOD_MATCH = YES;
				COPY_PHASE_STRIP = NO;
				DEBUG_INFORMATION_FORMAT = dwarf;
				ENABLE_STRICT_OBJC_MSGSEND = YES;
				ENABLE_TESTABILITY = YES;
				GCC_C_LANGUAGE_STANDARD = gnu11;
				GCC_DYNAMIC_NO_PIC = NO;
				GCC_NO_COMMON_BLOCKS = YES;
				GCC_OPTIMIZATION_LEVEL = 0;
				GCC_PREPROCESSOR_DEFINITIONS = (
					"DEBUG=1",
					"$(inherited)",
				);
				GCC_WARN_64_TO_32_BIT_CONVERSION = YES;
				GCC_WARN_ABOUT_RETURN_TYPE = YES_ERROR;
				GCC_WARN_UNDECLARED_SELECTOR = YES;
				GCC_WARN_UNINITIALIZED_AUTOS = YES_AGGRESSIVE;
				GCC_WARN_UNUSED_FUNCTION = YES;
				GCC_WARN_UNUSED_VARIABLE = YES;
				IPHONEOS_DEPLOYMENT_TARGET = 14.5;
				MTL_ENABLE_DEBUG_INFO = INCLUDE_SOURCE;
				MTL_FAST_MATH = YES;
				ONLY_ACTIVE_ARCH = YES;
				SDKROOT = iphoneos;
				SWIFT_ACTIVE_COMPILATION_CONDITIONS = DEBUG;
				SWIFT_OPTIMIZATION_LEVEL = "-Onone";
			};
			name = Debug;
		};
		EC35A7DD2682F48C0011F8F9 /* Release */ = {
			isa = XCBuildConfiguration;
			buildSettings = {
				ALWAYS_SEARCH_USER_PATHS = NO;
				CLANG_ANALYZER_NONNULL = YES;
				CLANG_ANALYZER_NUMBER_OBJECT_CONVERSION = YES_AGGRESSIVE;
				CLANG_CXX_LANGUAGE_STANDARD = "gnu++14";
				CLANG_CXX_LIBRARY = "libc++";
				CLANG_ENABLE_MODULES = YES;
				CLANG_ENABLE_OBJC_ARC = YES;
				CLANG_ENABLE_OBJC_WEAK = YES;
				CLANG_WARN_BLOCK_CAPTURE_AUTORELEASING = YES;
				CLANG_WARN_BOOL_CONVERSION = YES;
				CLANG_WARN_COMMA = YES;
				CLANG_WARN_CONSTANT_CONVERSION = YES;
				CLANG_WARN_DEPRECATED_OBJC_IMPLEMENTATIONS = YES;
				CLANG_WARN_DIRECT_OBJC_ISA_USAGE = YES_ERROR;
				CLANG_WARN_DOCUMENTATION_COMMENTS = YES;
				CLANG_WARN_EMPTY_BODY = YES;
				CLANG_WARN_ENUM_CONVERSION = YES;
				CLANG_WARN_INFINITE_RECURSION = YES;
				CLANG_WARN_INT_CONVERSION = YES;
				CLANG_WARN_NON_LITERAL_NULL_CONVERSION = YES;
				CLANG_WARN_OBJC_IMPLICIT_RETAIN_SELF = YES;
				CLANG_WARN_OBJC_LITERAL_CONVERSION = YES;
				CLANG_WARN_OBJC_ROOT_CLASS = YES_ERROR;
				CLANG_WARN_QUOTED_INCLUDE_IN_FRAMEWORK_HEADER = YES;
				CLANG_WARN_RANGE_LOOP_ANALYSIS = YES;
				CLANG_WARN_STRICT_PROTOTYPES = YES;
				CLANG_WARN_SUSPICIOUS_MOVE = YES;
				CLANG_WARN_UNGUARDED_AVAILABILITY = YES_AGGRESSIVE;
				CLANG_WARN_UNREACHABLE_CODE = YES;
				CLANG_WARN__DUPLICATE_METHOD_MATCH = YES;
				COPY_PHASE_STRIP = NO;
				DEBUG_INFORMATION_FORMAT = "dwarf-with-dsym";
				ENABLE_NS_ASSERTIONS = NO;
				ENABLE_STRICT_OBJC_MSGSEND = YES;
				GCC_C_LANGUAGE_STANDARD = gnu11;
				GCC_NO_COMMON_BLOCKS = YES;
				GCC_WARN_64_TO_32_BIT_CONVERSION = YES;
				GCC_WARN_ABOUT_RETURN_TYPE = YES_ERROR;
				GCC_WARN_UNDECLARED_SELECTOR = YES;
				GCC_WARN_UNINITIALIZED_AUTOS = YES_AGGRESSIVE;
				GCC_WARN_UNUSED_FUNCTION = YES;
				GCC_WARN_UNUSED_VARIABLE = YES;
				IPHONEOS_DEPLOYMENT_TARGET = 14.5;
				MTL_ENABLE_DEBUG_INFO = NO;
				MTL_FAST_MATH = YES;
				SDKROOT = iphoneos;
				SWIFT_COMPILATION_MODE = wholemodule;
				SWIFT_OPTIMIZATION_LEVEL = "-O";
				VALIDATE_PRODUCT = YES;
			};
			name = Release;
		};
		EC35A7DF2682F48C0011F8F9 /* Debug */ = {
			isa = XCBuildConfiguration;
			buildSettings = {
				ASSETCATALOG_COMPILER_APPICON_NAME = AppIcon;
				ASSETCATALOG_COMPILER_GLOBAL_ACCENT_COLOR_NAME = AccentColor;
				CODE_SIGN_STYLE = Automatic;
				DEVELOPMENT_TEAM = VVKW56VVPX;
				INFOPLIST_FILE = HeroApp/Info.plist;
				LD_RUNPATH_SEARCH_PATHS = (
					"$(inherited)",
					"@executable_path/Frameworks",
				);
				PRODUCT_BUNDLE_IDENTIFIER = it.mberrueta.HeroApp;
				PRODUCT_NAME = "$(TARGET_NAME)";
				SWIFT_VERSION = 5.0;
				TARGETED_DEVICE_FAMILY = "1,2";
			};
			name = Debug;
		};
		EC35A7E02682F48C0011F8F9 /* Release */ = {
			isa = XCBuildConfiguration;
			buildSettings = {
				ASSETCATALOG_COMPILER_APPICON_NAME = AppIcon;
				ASSETCATALOG_COMPILER_GLOBAL_ACCENT_COLOR_NAME = AccentColor;
				CODE_SIGN_STYLE = Automatic;
				DEVELOPMENT_TEAM = VVKW56VVPX;
				INFOPLIST_FILE = HeroApp/Info.plist;
				LD_RUNPATH_SEARCH_PATHS = (
					"$(inherited)",
					"@executable_path/Frameworks",
				);
				PRODUCT_BUNDLE_IDENTIFIER = it.mberrueta.HeroApp;
				PRODUCT_NAME = "$(TARGET_NAME)";
				SWIFT_VERSION = 5.0;
				TARGETED_DEVICE_FAMILY = "1,2";
			};
			name = Release;
		};
/* End XCBuildConfiguration section */

/* Begin XCConfigurationList section */
		EC35A7C52682F48B0011F8F9 /* Build configuration list for PBXProject "HeroApp" */ = {
			isa = XCConfigurationList;
			buildConfigurations = (
				EC35A7DC2682F48C0011F8F9 /* Debug */,
				EC35A7DD2682F48C0011F8F9 /* Release */,
			);
			defaultConfigurationIsVisible = 0;
			defaultConfigurationName = Release;
		};
		EC35A7DE2682F48C0011F8F9 /* Build configuration list for PBXNativeTarget "HeroApp" */ = {
			isa = XCConfigurationList;
			buildConfigurations = (
				EC35A7DF2682F48C0011F8F9 /* Debug */,
				EC35A7E02682F48C0011F8F9 /* Release */,
			);
			defaultConfigurationIsVisible = 0;
			defaultConfigurationName = Release;
		};
/* End XCConfigurationList section */
	};
	rootObject = EC35A7C22682F48B0011F8F9 /* Project object */;
}
